// !$*UTF8*$!
{
	archiveVersion = 1;
	classes = {
	};
	objectVersion = 46;
	objects = {

/* Begin PBXBuildFile section */
		0FD85160C1FD84ED20AC3953 /* Pods_ValleybrookCommunityChurch.framework in Frameworks */ = {isa = PBXBuildFile; fileRef = BC9264480BC22009F8742DC3 /* Pods_ValleybrookCommunityChurch.framework */; };
		BEE679689FAE5C98500E07AD /* Pods_ValleybrookCommunityChurchUITests.framework in Frameworks */ = {isa = PBXBuildFile; fileRef = AD744E9AEAFA4E8CF154BCD0 /* Pods_ValleybrookCommunityChurchUITests.framework */; };
		C4E7D5BF9422CB0C258E3357 /* Pods_ValleybrookCommunityChurchTests.framework in Frameworks */ = {isa = PBXBuildFile; fileRef = AD517479C15A97B5E59D0CFE /* Pods_ValleybrookCommunityChurchTests.framework */; };
		DB0943F61EE6E4CC002426AB /* CustomObjects.swift in Sources */ = {isa = PBXBuildFile; fileRef = DB0943F51EE6E4CC002426AB /* CustomObjects.swift */; };
		DB0EEADF1EE77475002AB793 /* EntryViewController.swift in Sources */ = {isa = PBXBuildFile; fileRef = DB0EEADE1EE77475002AB793 /* EntryViewController.swift */; };
		DB0EEAE31EEB179A002AB793 /* Reachability.swift in Sources */ = {isa = PBXBuildFile; fileRef = DB0EEAE21EEB179A002AB793 /* Reachability.swift */; };
		DB0EEAE51EEB18BD002AB793 /* GlobalFunctions.swift in Sources */ = {isa = PBXBuildFile; fileRef = DB0EEAE41EEB18BD002AB793 /* GlobalFunctions.swift */; };
		DB1EC3671EE6E00100998032 /* AppDelegate.swift in Sources */ = {isa = PBXBuildFile; fileRef = DB1EC3661EE6E00100998032 /* AppDelegate.swift */; };
		DB1EC3691EE6E00100998032 /* DirectoryViewController.swift in Sources */ = {isa = PBXBuildFile; fileRef = DB1EC3681EE6E00100998032 /* DirectoryViewController.swift */; };
		DB1EC36C1EE6E00100998032 /* Main.storyboard in Resources */ = {isa = PBXBuildFile; fileRef = DB1EC36A1EE6E00100998032 /* Main.storyboard */; };
		DB1EC36E1EE6E00100998032 /* Assets.xcassets in Resources */ = {isa = PBXBuildFile; fileRef = DB1EC36D1EE6E00100998032 /* Assets.xcassets */; };
		DB1EC3711EE6E00100998032 /* LaunchScreen.storyboard in Resources */ = {isa = PBXBuildFile; fileRef = DB1EC36F1EE6E00100998032 /* LaunchScreen.storyboard */; };
		DB1EC37C1EE6E00100998032 /* ValleybrookCommunityChurchTests.swift in Sources */ = {isa = PBXBuildFile; fileRef = DB1EC37B1EE6E00100998032 /* ValleybrookCommunityChurchTests.swift */; };
		DB1EC3871EE6E00100998032 /* ValleybrookCommunityChurchUITests.swift in Sources */ = {isa = PBXBuildFile; fileRef = DB1EC3861EE6E00100998032 /* ValleybrookCommunityChurchUITests.swift */; };
		DB1EC3951EE6E01600998032 /* FirebaseClient.swift in Sources */ = {isa = PBXBuildFile; fileRef = DB1EC3941EE6E01600998032 /* FirebaseClient.swift */; };
		DB1EC3971EE6E0E100998032 /* GoogleService-Info.plist in Resources */ = {isa = PBXBuildFile; fileRef = DB1EC3961EE6E0E100998032 /* GoogleService-Info.plist */; };
		DB38044E20FAD600009DD0C4 /* ImageDownloader.swift in Sources */ = {isa = PBXBuildFile; fileRef = DB38044D20FAD600009DD0C4 /* ImageDownloader.swift */; };
		DB6C807A1EF4784300AE7AA6 /* AddEntryViewController.swift in Sources */ = {isa = PBXBuildFile; fileRef = DB6C80791EF4784300AE7AA6 /* AddEntryViewController.swift */; };
		DBEC819A1F68D31800F10CF8 /* LoginViewController.swift in Sources */ = {isa = PBXBuildFile; fileRef = DBEC81991F68D31800F10CF8 /* LoginViewController.swift */; };
		DBEC819C1F68D40700F10CF8 /* CreateAccountViewController.swift in Sources */ = {isa = PBXBuildFile; fileRef = DBEC819B1F68D40700F10CF8 /* CreateAccountViewController.swift */; };
		DBEC819E1F69C74000F10CF8 /* GroupsViewController.swift in Sources */ = {isa = PBXBuildFile; fileRef = DBEC819D1F69C74000F10CF8 /* GroupsViewController.swift */; };
		DBEC81A01F69DF2600F10CF8 /* CreateGroupViewController.swift in Sources */ = {isa = PBXBuildFile; fileRef = DBEC819F1F69DF2600F10CF8 /* CreateGroupViewController.swift */; };
		DBFBC4511F6E16DE00503392 /* ImageThumbnail.png in Resources */ = {isa = PBXBuildFile; fileRef = DBFBC4501F6E16DE00503392 /* ImageThumbnail.png */; };
		DBFBC4531F6F3FF400503392 /* ManageAdministratorsViewController.swift in Sources */ = {isa = PBXBuildFile; fileRef = DBFBC4521F6F3FF400503392 /* ManageAdministratorsViewController.swift */; };
		DBFBEE351F70687C003F2AC0 /* SearchGroupsViewController.swift in Sources */ = {isa = PBXBuildFile; fileRef = DBFBEE341F70687C003F2AC0 /* SearchGroupsViewController.swift */; };
/* End PBXBuildFile section */

/* Begin PBXContainerItemProxy section */
		DB1EC3781EE6E00100998032 /* PBXContainerItemProxy */ = {
			isa = PBXContainerItemProxy;
			containerPortal = DB1EC35B1EE6E00100998032 /* Project object */;
			proxyType = 1;
			remoteGlobalIDString = DB1EC3621EE6E00100998032;
			remoteInfo = ValleybrookCommunityChurch;
		};
		DB1EC3831EE6E00100998032 /* PBXContainerItemProxy */ = {
			isa = PBXContainerItemProxy;
			containerPortal = DB1EC35B1EE6E00100998032 /* Project object */;
			proxyType = 1;
			remoteGlobalIDString = DB1EC3621EE6E00100998032;
			remoteInfo = ValleybrookCommunityChurch;
		};
/* End PBXContainerItemProxy section */

/* Begin PBXFileReference section */
		67665914BB0678C272AE2435 /* Pods-ValleybrookCommunityChurch.debug.xcconfig */ = {isa = PBXFileReference; includeInIndex = 1; lastKnownFileType = text.xcconfig; name = "Pods-ValleybrookCommunityChurch.debug.xcconfig"; path = "Pods/Target Support Files/Pods-ValleybrookCommunityChurch/Pods-ValleybrookCommunityChurch.debug.xcconfig"; sourceTree = "<group>"; };
		681B6B11248D0291085BD380 /* Pods-ValleybrookCommunityChurchUITests.debug.xcconfig */ = {isa = PBXFileReference; includeInIndex = 1; lastKnownFileType = text.xcconfig; name = "Pods-ValleybrookCommunityChurchUITests.debug.xcconfig"; path = "Pods/Target Support Files/Pods-ValleybrookCommunityChurchUITests/Pods-ValleybrookCommunityChurchUITests.debug.xcconfig"; sourceTree = "<group>"; };
		8E7C374F11FE03F5AEB89D9C /* Pods-ValleybrookCommunityChurchUITests.release.xcconfig */ = {isa = PBXFileReference; includeInIndex = 1; lastKnownFileType = text.xcconfig; name = "Pods-ValleybrookCommunityChurchUITests.release.xcconfig"; path = "Pods/Target Support Files/Pods-ValleybrookCommunityChurchUITests/Pods-ValleybrookCommunityChurchUITests.release.xcconfig"; sourceTree = "<group>"; };
		A9EE65A251E2AB0CA82BB4C0 /* Pods-ValleybrookCommunityChurchTests.debug.xcconfig */ = {isa = PBXFileReference; includeInIndex = 1; lastKnownFileType = text.xcconfig; name = "Pods-ValleybrookCommunityChurchTests.debug.xcconfig"; path = "Pods/Target Support Files/Pods-ValleybrookCommunityChurchTests/Pods-ValleybrookCommunityChurchTests.debug.xcconfig"; sourceTree = "<group>"; };
		AD517479C15A97B5E59D0CFE /* Pods_ValleybrookCommunityChurchTests.framework */ = {isa = PBXFileReference; explicitFileType = wrapper.framework; includeInIndex = 0; path = Pods_ValleybrookCommunityChurchTests.framework; sourceTree = BUILT_PRODUCTS_DIR; };
		AD744E9AEAFA4E8CF154BCD0 /* Pods_ValleybrookCommunityChurchUITests.framework */ = {isa = PBXFileReference; explicitFileType = wrapper.framework; includeInIndex = 0; path = Pods_ValleybrookCommunityChurchUITests.framework; sourceTree = BUILT_PRODUCTS_DIR; };
		BB52B60C0597673E1628A2EC /* Pods-ValleybrookCommunityChurchTests.release.xcconfig */ = {isa = PBXFileReference; includeInIndex = 1; lastKnownFileType = text.xcconfig; name = "Pods-ValleybrookCommunityChurchTests.release.xcconfig"; path = "Pods/Target Support Files/Pods-ValleybrookCommunityChurchTests/Pods-ValleybrookCommunityChurchTests.release.xcconfig"; sourceTree = "<group>"; };
		BC9264480BC22009F8742DC3 /* Pods_ValleybrookCommunityChurch.framework */ = {isa = PBXFileReference; explicitFileType = wrapper.framework; includeInIndex = 0; path = Pods_ValleybrookCommunityChurch.framework; sourceTree = BUILT_PRODUCTS_DIR; };
		DB0943F51EE6E4CC002426AB /* CustomObjects.swift */ = {isa = PBXFileReference; fileEncoding = 4; lastKnownFileType = sourcecode.swift; path = CustomObjects.swift; sourceTree = "<group>"; };
		DB0EEADE1EE77475002AB793 /* EntryViewController.swift */ = {isa = PBXFileReference; fileEncoding = 4; lastKnownFileType = sourcecode.swift; path = EntryViewController.swift; sourceTree = "<group>"; };
		DB0EEAE21EEB179A002AB793 /* Reachability.swift */ = {isa = PBXFileReference; fileEncoding = 4; lastKnownFileType = sourcecode.swift; path = Reachability.swift; sourceTree = "<group>"; };
		DB0EEAE41EEB18BD002AB793 /* GlobalFunctions.swift */ = {isa = PBXFileReference; fileEncoding = 4; lastKnownFileType = sourcecode.swift; path = GlobalFunctions.swift; sourceTree = "<group>"; };
		DB1EC3631EE6E00100998032 /* ValleybrookCommunityChurch.app */ = {isa = PBXFileReference; explicitFileType = wrapper.application; includeInIndex = 0; path = ValleybrookCommunityChurch.app; sourceTree = BUILT_PRODUCTS_DIR; };
		DB1EC3661EE6E00100998032 /* AppDelegate.swift */ = {isa = PBXFileReference; lastKnownFileType = sourcecode.swift; path = AppDelegate.swift; sourceTree = "<group>"; };
		DB1EC3681EE6E00100998032 /* DirectoryViewController.swift */ = {isa = PBXFileReference; lastKnownFileType = sourcecode.swift; path = DirectoryViewController.swift; sourceTree = "<group>"; };
		DB1EC36B1EE6E00100998032 /* Base */ = {isa = PBXFileReference; lastKnownFileType = file.storyboard; name = Base; path = Base.lproj/Main.storyboard; sourceTree = "<group>"; };
		DB1EC36D1EE6E00100998032 /* Assets.xcassets */ = {isa = PBXFileReference; lastKnownFileType = folder.assetcatalog; path = Assets.xcassets; sourceTree = "<group>"; };
		DB1EC3701EE6E00100998032 /* Base */ = {isa = PBXFileReference; lastKnownFileType = file.storyboard; name = Base; path = Base.lproj/LaunchScreen.storyboard; sourceTree = "<group>"; };
		DB1EC3721EE6E00100998032 /* Info.plist */ = {isa = PBXFileReference; lastKnownFileType = text.plist.xml; path = Info.plist; sourceTree = "<group>"; };
		DB1EC3771EE6E00100998032 /* ValleybrookCommunityChurchTests.xctest */ = {isa = PBXFileReference; explicitFileType = wrapper.cfbundle; includeInIndex = 0; path = ValleybrookCommunityChurchTests.xctest; sourceTree = BUILT_PRODUCTS_DIR; };
		DB1EC37B1EE6E00100998032 /* ValleybrookCommunityChurchTests.swift */ = {isa = PBXFileReference; lastKnownFileType = sourcecode.swift; path = ValleybrookCommunityChurchTests.swift; sourceTree = "<group>"; };
		DB1EC37D1EE6E00100998032 /* Info.plist */ = {isa = PBXFileReference; lastKnownFileType = text.plist.xml; path = Info.plist; sourceTree = "<group>"; };
		DB1EC3821EE6E00100998032 /* ValleybrookCommunityChurchUITests.xctest */ = {isa = PBXFileReference; explicitFileType = wrapper.cfbundle; includeInIndex = 0; path = ValleybrookCommunityChurchUITests.xctest; sourceTree = BUILT_PRODUCTS_DIR; };
		DB1EC3861EE6E00100998032 /* ValleybrookCommunityChurchUITests.swift */ = {isa = PBXFileReference; lastKnownFileType = sourcecode.swift; path = ValleybrookCommunityChurchUITests.swift; sourceTree = "<group>"; };
		DB1EC3881EE6E00100998032 /* Info.plist */ = {isa = PBXFileReference; lastKnownFileType = text.plist.xml; path = Info.plist; sourceTree = "<group>"; };
		DB1EC3941EE6E01600998032 /* FirebaseClient.swift */ = {isa = PBXFileReference; fileEncoding = 4; lastKnownFileType = sourcecode.swift; path = FirebaseClient.swift; sourceTree = "<group>"; };
		DB1EC3961EE6E0E100998032 /* GoogleService-Info.plist */ = {isa = PBXFileReference; fileEncoding = 4; lastKnownFileType = text.plist.xml; path = "GoogleService-Info.plist"; sourceTree = "<group>"; };
		DB38044D20FAD600009DD0C4 /* ImageDownloader.swift */ = {isa = PBXFileReference; lastKnownFileType = sourcecode.swift; path = ImageDownloader.swift; sourceTree = "<group>"; };
		DB6C80791EF4784300AE7AA6 /* AddEntryViewController.swift */ = {isa = PBXFileReference; fileEncoding = 4; lastKnownFileType = sourcecode.swift; lineEnding = 0; path = AddEntryViewController.swift; sourceTree = "<group>"; xcLanguageSpecificationIdentifier = xcode.lang.swift; };
		DBEC81991F68D31800F10CF8 /* LoginViewController.swift */ = {isa = PBXFileReference; fileEncoding = 4; lastKnownFileType = sourcecode.swift; path = LoginViewController.swift; sourceTree = "<group>"; };
		DBEC819B1F68D40700F10CF8 /* CreateAccountViewController.swift */ = {isa = PBXFileReference; fileEncoding = 4; lastKnownFileType = sourcecode.swift; lineEnding = 0; path = CreateAccountViewController.swift; sourceTree = "<group>"; xcLanguageSpecificationIdentifier = xcode.lang.swift; };
		DBEC819D1F69C74000F10CF8 /* GroupsViewController.swift */ = {isa = PBXFileReference; fileEncoding = 4; lastKnownFileType = sourcecode.swift; path = GroupsViewController.swift; sourceTree = "<group>"; };
		DBEC819F1F69DF2600F10CF8 /* CreateGroupViewController.swift */ = {isa = PBXFileReference; fileEncoding = 4; lastKnownFileType = sourcecode.swift; lineEnding = 0; path = CreateGroupViewController.swift; sourceTree = "<group>"; xcLanguageSpecificationIdentifier = xcode.lang.swift; };
		DBFBC4501F6E16DE00503392 /* ImageThumbnail.png */ = {isa = PBXFileReference; lastKnownFileType = image.png; path = ImageThumbnail.png; sourceTree = "<group>"; };
		DBFBC4521F6F3FF400503392 /* ManageAdministratorsViewController.swift */ = {isa = PBXFileReference; fileEncoding = 4; lastKnownFileType = sourcecode.swift; path = ManageAdministratorsViewController.swift; sourceTree = "<group>"; };
		DBFBEE341F70687C003F2AC0 /* SearchGroupsViewController.swift */ = {isa = PBXFileReference; fileEncoding = 4; lastKnownFileType = sourcecode.swift; path = SearchGroupsViewController.swift; sourceTree = "<group>"; };
		DE29402686A967908E79B620 /* Pods-ValleybrookCommunityChurch.release.xcconfig */ = {isa = PBXFileReference; includeInIndex = 1; lastKnownFileType = text.xcconfig; name = "Pods-ValleybrookCommunityChurch.release.xcconfig"; path = "Pods/Target Support Files/Pods-ValleybrookCommunityChurch/Pods-ValleybrookCommunityChurch.release.xcconfig"; sourceTree = "<group>"; };
/* End PBXFileReference section */

/* Begin PBXFrameworksBuildPhase section */
		DB1EC3601EE6E00100998032 /* Frameworks */ = {
			isa = PBXFrameworksBuildPhase;
			buildActionMask = 2147483647;
			files = (
				0FD85160C1FD84ED20AC3953 /* Pods_ValleybrookCommunityChurch.framework in Frameworks */,
			);
			runOnlyForDeploymentPostprocessing = 0;
		};
		DB1EC3741EE6E00100998032 /* Frameworks */ = {
			isa = PBXFrameworksBuildPhase;
			buildActionMask = 2147483647;
			files = (
				C4E7D5BF9422CB0C258E3357 /* Pods_ValleybrookCommunityChurchTests.framework in Frameworks */,
			);
			runOnlyForDeploymentPostprocessing = 0;
		};
		DB1EC37F1EE6E00100998032 /* Frameworks */ = {
			isa = PBXFrameworksBuildPhase;
			buildActionMask = 2147483647;
			files = (
				BEE679689FAE5C98500E07AD /* Pods_ValleybrookCommunityChurchUITests.framework in Frameworks */,
			);
			runOnlyForDeploymentPostprocessing = 0;
		};
/* End PBXFrameworksBuildPhase section */

/* Begin PBXGroup section */
		3D81F7781437E85B97A5E215 /* Pods */ = {
			isa = PBXGroup;
			children = (
				67665914BB0678C272AE2435 /* Pods-ValleybrookCommunityChurch.debug.xcconfig */,
				DE29402686A967908E79B620 /* Pods-ValleybrookCommunityChurch.release.xcconfig */,
				A9EE65A251E2AB0CA82BB4C0 /* Pods-ValleybrookCommunityChurchTests.debug.xcconfig */,
				BB52B60C0597673E1628A2EC /* Pods-ValleybrookCommunityChurchTests.release.xcconfig */,
				681B6B11248D0291085BD380 /* Pods-ValleybrookCommunityChurchUITests.debug.xcconfig */,
				8E7C374F11FE03F5AEB89D9C /* Pods-ValleybrookCommunityChurchUITests.release.xcconfig */,
			);
			name = Pods;
			sourceTree = "<group>";
		};
		92DE8915AE006CFA564B55DC /* Frameworks */ = {
			isa = PBXGroup;
			children = (
				BC9264480BC22009F8742DC3 /* Pods_ValleybrookCommunityChurch.framework */,
				AD517479C15A97B5E59D0CFE /* Pods_ValleybrookCommunityChurchTests.framework */,
				AD744E9AEAFA4E8CF154BCD0 /* Pods_ValleybrookCommunityChurchUITests.framework */,
			);
			name = Frameworks;
			sourceTree = "<group>";
		};
		DB1EC35A1EE6E00100998032 = {
			isa = PBXGroup;
			children = (
				DB1EC3651EE6E00100998032 /* ValleybrookCommunityChurch */,
				DB1EC37A1EE6E00100998032 /* ValleybrookCommunityChurchTests */,
				DB1EC3851EE6E00100998032 /* ValleybrookCommunityChurchUITests */,
				DB1EC3641EE6E00100998032 /* Products */,
				3D81F7781437E85B97A5E215 /* Pods */,
				92DE8915AE006CFA564B55DC /* Frameworks */,
			);
			sourceTree = "<group>";
		};
		DB1EC3641EE6E00100998032 /* Products */ = {
			isa = PBXGroup;
			children = (
				DB1EC3631EE6E00100998032 /* ValleybrookCommunityChurch.app */,
				DB1EC3771EE6E00100998032 /* ValleybrookCommunityChurchTests.xctest */,
				DB1EC3821EE6E00100998032 /* ValleybrookCommunityChurchUITests.xctest */,
			);
			name = Products;
			sourceTree = "<group>";
		};
		DB1EC3651EE6E00100998032 /* ValleybrookCommunityChurch */ = {
			isa = PBXGroup;
			children = (
				DBFBC4501F6E16DE00503392 /* ImageThumbnail.png */,
				DB1EC3661EE6E00100998032 /* AppDelegate.swift */,
				DBEC81991F68D31800F10CF8 /* LoginViewController.swift */,
				DBEC819B1F68D40700F10CF8 /* CreateAccountViewController.swift */,
				DBEC819D1F69C74000F10CF8 /* GroupsViewController.swift */,
				DBFBEE341F70687C003F2AC0 /* SearchGroupsViewController.swift */,
				DBEC819F1F69DF2600F10CF8 /* CreateGroupViewController.swift */,
				DBFBC4521F6F3FF400503392 /* ManageAdministratorsViewController.swift */,
				DB1EC3681EE6E00100998032 /* DirectoryViewController.swift */,
				DB0EEADE1EE77475002AB793 /* EntryViewController.swift */,
				DB6C80791EF4784300AE7AA6 /* AddEntryViewController.swift */,
				DB0EEAE21EEB179A002AB793 /* Reachability.swift */,
				DB1EC36A1EE6E00100998032 /* Main.storyboard */,
				DB1EC36D1EE6E00100998032 /* Assets.xcassets */,
				DB1EC36F1EE6E00100998032 /* LaunchScreen.storyboard */,
				DB1EC3721EE6E00100998032 /* Info.plist */,
				DB1EC3941EE6E01600998032 /* FirebaseClient.swift */,
				DB1EC3961EE6E0E100998032 /* GoogleService-Info.plist */,
				DB0943F51EE6E4CC002426AB /* CustomObjects.swift */,
				DB0EEAE41EEB18BD002AB793 /* GlobalFunctions.swift */,
				DB38044D20FAD600009DD0C4 /* ImageDownloader.swift */,
			);
			path = ValleybrookCommunityChurch;
			sourceTree = "<group>";
		};
		DB1EC37A1EE6E00100998032 /* ValleybrookCommunityChurchTests */ = {
			isa = PBXGroup;
			children = (
				DB1EC37B1EE6E00100998032 /* ValleybrookCommunityChurchTests.swift */,
				DB1EC37D1EE6E00100998032 /* Info.plist */,
			);
			path = ValleybrookCommunityChurchTests;
			sourceTree = "<group>";
		};
		DB1EC3851EE6E00100998032 /* ValleybrookCommunityChurchUITests */ = {
			isa = PBXGroup;
			children = (
				DB1EC3861EE6E00100998032 /* ValleybrookCommunityChurchUITests.swift */,
				DB1EC3881EE6E00100998032 /* Info.plist */,
			);
			path = ValleybrookCommunityChurchUITests;
			sourceTree = "<group>";
		};
/* End PBXGroup section */

/* Begin PBXNativeTarget section */
		DB1EC3621EE6E00100998032 /* ValleybrookCommunityChurch */ = {
			isa = PBXNativeTarget;
			buildConfigurationList = DB1EC38B1EE6E00100998032 /* Build configuration list for PBXNativeTarget "ValleybrookCommunityChurch" */;
			buildPhases = (
				B9FA543DD47B5D4869749831 /* [CP] Check Pods Manifest.lock */,
				DB1EC35F1EE6E00100998032 /* Sources */,
				DB1EC3601EE6E00100998032 /* Frameworks */,
				DB1EC3611EE6E00100998032 /* Resources */,
				3E98490088DA7B3E046E7DA1 /* [CP] Embed Pods Frameworks */,
				163939EF54F1163C787CC98D /* [CP] Copy Pods Resources */,
			);
			buildRules = (
			);
			dependencies = (
			);
			name = ValleybrookCommunityChurch;
			productName = ValleybrookCommunityChurch;
			productReference = DB1EC3631EE6E00100998032 /* ValleybrookCommunityChurch.app */;
			productType = "com.apple.product-type.application";
		};
		DB1EC3761EE6E00100998032 /* ValleybrookCommunityChurchTests */ = {
			isa = PBXNativeTarget;
			buildConfigurationList = DB1EC38E1EE6E00100998032 /* Build configuration list for PBXNativeTarget "ValleybrookCommunityChurchTests" */;
			buildPhases = (
				E92A916FE8B3107803AFFC5D /* [CP] Check Pods Manifest.lock */,
				DB1EC3731EE6E00100998032 /* Sources */,
				DB1EC3741EE6E00100998032 /* Frameworks */,
				DB1EC3751EE6E00100998032 /* Resources */,
				772086AF67ADBEDBF2030C72 /* [CP] Embed Pods Frameworks */,
				A2A1D86B1CDB3357E02409FB /* [CP] Copy Pods Resources */,
			);
			buildRules = (
			);
			dependencies = (
				DB1EC3791EE6E00100998032 /* PBXTargetDependency */,
			);
			name = ValleybrookCommunityChurchTests;
			productName = ValleybrookCommunityChurchTests;
			productReference = DB1EC3771EE6E00100998032 /* ValleybrookCommunityChurchTests.xctest */;
			productType = "com.apple.product-type.bundle.unit-test";
		};
		DB1EC3811EE6E00100998032 /* ValleybrookCommunityChurchUITests */ = {
			isa = PBXNativeTarget;
			buildConfigurationList = DB1EC3911EE6E00100998032 /* Build configuration list for PBXNativeTarget "ValleybrookCommunityChurchUITests" */;
			buildPhases = (
				89123AF8BCA98A87828E43CF /* [CP] Check Pods Manifest.lock */,
				DB1EC37E1EE6E00100998032 /* Sources */,
				DB1EC37F1EE6E00100998032 /* Frameworks */,
				DB1EC3801EE6E00100998032 /* Resources */,
				9EFE454C7B07C0B0F468ACA0 /* [CP] Embed Pods Frameworks */,
				803954E438D620215CB8B5DF /* [CP] Copy Pods Resources */,
			);
			buildRules = (
			);
			dependencies = (
				DB1EC3841EE6E00100998032 /* PBXTargetDependency */,
			);
			name = ValleybrookCommunityChurchUITests;
			productName = ValleybrookCommunityChurchUITests;
			productReference = DB1EC3821EE6E00100998032 /* ValleybrookCommunityChurchUITests.xctest */;
			productType = "com.apple.product-type.bundle.ui-testing";
		};
/* End PBXNativeTarget section */

/* Begin PBXProject section */
		DB1EC35B1EE6E00100998032 /* Project object */ = {
			isa = PBXProject;
			attributes = {
				LastSwiftUpdateCheck = 0830;
				LastUpgradeCheck = 0830;
				ORGANIZATIONNAME = "Adam Zarn";
				TargetAttributes = {
					DB1EC3621EE6E00100998032 = {
						CreatedOnToolsVersion = 8.3.2;
						DevelopmentTeam = QA67695N79;
						ProvisioningStyle = Automatic;
					};
					DB1EC3761EE6E00100998032 = {
						CreatedOnToolsVersion = 8.3.2;
						DevelopmentTeam = QA67695N79;
						ProvisioningStyle = Automatic;
						TestTargetID = DB1EC3621EE6E00100998032;
					};
					DB1EC3811EE6E00100998032 = {
						CreatedOnToolsVersion = 8.3.2;
						DevelopmentTeam = QA67695N79;
						ProvisioningStyle = Automatic;
						TestTargetID = DB1EC3621EE6E00100998032;
					};
				};
			};
			buildConfigurationList = DB1EC35E1EE6E00100998032 /* Build configuration list for PBXProject "ValleybrookCommunityChurch" */;
			compatibilityVersion = "Xcode 3.2";
			developmentRegion = English;
			hasScannedForEncodings = 0;
			knownRegions = (
				en,
				Base,
			);
			mainGroup = DB1EC35A1EE6E00100998032;
			productRefGroup = DB1EC3641EE6E00100998032 /* Products */;
			projectDirPath = "";
			projectRoot = "";
			targets = (
				DB1EC3621EE6E00100998032 /* ValleybrookCommunityChurch */,
				DB1EC3761EE6E00100998032 /* ValleybrookCommunityChurchTests */,
				DB1EC3811EE6E00100998032 /* ValleybrookCommunityChurchUITests */,
			);
		};
/* End PBXProject section */

/* Begin PBXResourcesBuildPhase section */
		DB1EC3611EE6E00100998032 /* Resources */ = {
			isa = PBXResourcesBuildPhase;
			buildActionMask = 2147483647;
			files = (
				DB1EC3711EE6E00100998032 /* LaunchScreen.storyboard in Resources */,
				DB1EC3971EE6E0E100998032 /* GoogleService-Info.plist in Resources */,
				DBFBC4511F6E16DE00503392 /* ImageThumbnail.png in Resources */,
				DB1EC36E1EE6E00100998032 /* Assets.xcassets in Resources */,
				DB1EC36C1EE6E00100998032 /* Main.storyboard in Resources */,
			);
			runOnlyForDeploymentPostprocessing = 0;
		};
		DB1EC3751EE6E00100998032 /* Resources */ = {
			isa = PBXResourcesBuildPhase;
			buildActionMask = 2147483647;
			files = (
			);
			runOnlyForDeploymentPostprocessing = 0;
		};
		DB1EC3801EE6E00100998032 /* Resources */ = {
			isa = PBXResourcesBuildPhase;
			buildActionMask = 2147483647;
			files = (
			);
			runOnlyForDeploymentPostprocessing = 0;
		};
/* End PBXResourcesBuildPhase section */

/* Begin PBXShellScriptBuildPhase section */
		163939EF54F1163C787CC98D /* [CP] Copy Pods Resources */ = {
			isa = PBXShellScriptBuildPhase;
			buildActionMask = 2147483647;
			files = (
			);
			inputPaths = (
			);
			name = "[CP] Copy Pods Resources";
			outputPaths = (
			);
			runOnlyForDeploymentPostprocessing = 0;
			shellPath = /bin/sh;
			shellScript = "\"${SRCROOT}/Pods/Target Support Files/Pods-ValleybrookCommunityChurch/Pods-ValleybrookCommunityChurch-resources.sh\"\n";
			showEnvVarsInLog = 0;
		};
		3E98490088DA7B3E046E7DA1 /* [CP] Embed Pods Frameworks */ = {
			isa = PBXShellScriptBuildPhase;
			buildActionMask = 2147483647;
			files = (
			);
			inputPaths = (
			);
			name = "[CP] Embed Pods Frameworks";
			outputPaths = (
			);
			runOnlyForDeploymentPostprocessing = 0;
			shellPath = /bin/sh;
			shellScript = "\"${SRCROOT}/Pods/Target Support Files/Pods-ValleybrookCommunityChurch/Pods-ValleybrookCommunityChurch-frameworks.sh\"\n";
			showEnvVarsInLog = 0;
		};
		772086AF67ADBEDBF2030C72 /* [CP] Embed Pods Frameworks */ = {
			isa = PBXShellScriptBuildPhase;
			buildActionMask = 2147483647;
			files = (
			);
			inputPaths = (
			);
			name = "[CP] Embed Pods Frameworks";
			outputPaths = (
			);
			runOnlyForDeploymentPostprocessing = 0;
			shellPath = /bin/sh;
			shellScript = "\"${SRCROOT}/Pods/Target Support Files/Pods-ValleybrookCommunityChurchTests/Pods-ValleybrookCommunityChurchTests-frameworks.sh\"\n";
			showEnvVarsInLog = 0;
		};
		803954E438D620215CB8B5DF /* [CP] Copy Pods Resources */ = {
			isa = PBXShellScriptBuildPhase;
			buildActionMask = 2147483647;
			files = (
			);
			inputPaths = (
			);
			name = "[CP] Copy Pods Resources";
			outputPaths = (
			);
			runOnlyForDeploymentPostprocessing = 0;
			shellPath = /bin/sh;
			shellScript = "\"${SRCROOT}/Pods/Target Support Files/Pods-ValleybrookCommunityChurchUITests/Pods-ValleybrookCommunityChurchUITests-resources.sh\"\n";
			showEnvVarsInLog = 0;
		};
		89123AF8BCA98A87828E43CF /* [CP] Check Pods Manifest.lock */ = {
			isa = PBXShellScriptBuildPhase;
			buildActionMask = 2147483647;
			files = (
			);
			inputPaths = (
			);
			name = "[CP] Check Pods Manifest.lock";
			outputPaths = (
			);
			runOnlyForDeploymentPostprocessing = 0;
			shellPath = /bin/sh;
			shellScript = "diff \"${PODS_PODFILE_DIR_PATH}/Podfile.lock\" \"${PODS_ROOT}/Manifest.lock\" > /dev/null\nif [ $? != 0 ] ; then\n    # print error to STDERR\n    echo \"error: The sandbox is not in sync with the Podfile.lock. Run 'pod install' or update your CocoaPods installation.\" >&2\n    exit 1\nfi\n";
			showEnvVarsInLog = 0;
		};
		9EFE454C7B07C0B0F468ACA0 /* [CP] Embed Pods Frameworks */ = {
			isa = PBXShellScriptBuildPhase;
			buildActionMask = 2147483647;
			files = (
			);
			inputPaths = (
			);
			name = "[CP] Embed Pods Frameworks";
			outputPaths = (
			);
			runOnlyForDeploymentPostprocessing = 0;
			shellPath = /bin/sh;
			shellScript = "\"${SRCROOT}/Pods/Target Support Files/Pods-ValleybrookCommunityChurchUITests/Pods-ValleybrookCommunityChurchUITests-frameworks.sh\"\n";
			showEnvVarsInLog = 0;
		};
		A2A1D86B1CDB3357E02409FB /* [CP] Copy Pods Resources */ = {
			isa = PBXShellScriptBuildPhase;
			buildActionMask = 2147483647;
			files = (
			);
			inputPaths = (
			);
			name = "[CP] Copy Pods Resources";
			outputPaths = (
			);
			runOnlyForDeploymentPostprocessing = 0;
			shellPath = /bin/sh;
			shellScript = "\"${SRCROOT}/Pods/Target Support Files/Pods-ValleybrookCommunityChurchTests/Pods-ValleybrookCommunityChurchTests-resources.sh\"\n";
			showEnvVarsInLog = 0;
		};
		B9FA543DD47B5D4869749831 /* [CP] Check Pods Manifest.lock */ = {
			isa = PBXShellScriptBuildPhase;
			buildActionMask = 2147483647;
			files = (
			);
			inputPaths = (
			);
			name = "[CP] Check Pods Manifest.lock";
			outputPaths = (
			);
			runOnlyForDeploymentPostprocessing = 0;
			shellPath = /bin/sh;
			shellScript = "diff \"${PODS_PODFILE_DIR_PATH}/Podfile.lock\" \"${PODS_ROOT}/Manifest.lock\" > /dev/null\nif [ $? != 0 ] ; then\n    # print error to STDERR\n    echo \"error: The sandbox is not in sync with the Podfile.lock. Run 'pod install' or update your CocoaPods installation.\" >&2\n    exit 1\nfi\n";
			showEnvVarsInLog = 0;
		};
		E92A916FE8B3107803AFFC5D /* [CP] Check Pods Manifest.lock */ = {
			isa = PBXShellScriptBuildPhase;
			buildActionMask = 2147483647;
			files = (
			);
			inputPaths = (
			);
			name = "[CP] Check Pods Manifest.lock";
			outputPaths = (
			);
			runOnlyForDeploymentPostprocessing = 0;
			shellPath = /bin/sh;
			shellScript = "diff \"${PODS_PODFILE_DIR_PATH}/Podfile.lock\" \"${PODS_ROOT}/Manifest.lock\" > /dev/null\nif [ $? != 0 ] ; then\n    # print error to STDERR\n    echo \"error: The sandbox is not in sync with the Podfile.lock. Run 'pod install' or update your CocoaPods installation.\" >&2\n    exit 1\nfi\n";
			showEnvVarsInLog = 0;
		};
/* End PBXShellScriptBuildPhase section */

/* Begin PBXSourcesBuildPhase section */
		DB1EC35F1EE6E00100998032 /* Sources */ = {
			isa = PBXSourcesBuildPhase;
			buildActionMask = 2147483647;
			files = (
				DBEC819E1F69C74000F10CF8 /* GroupsViewController.swift in Sources */,
				DB38044E20FAD600009DD0C4 /* ImageDownloader.swift in Sources */,
				DB0EEAE31EEB179A002AB793 /* Reachability.swift in Sources */,
				DB6C807A1EF4784300AE7AA6 /* AddEntryViewController.swift in Sources */,
				DB0EEAE51EEB18BD002AB793 /* GlobalFunctions.swift in Sources */,
				DBEC819C1F68D40700F10CF8 /* CreateAccountViewController.swift in Sources */,
				DB1EC3691EE6E00100998032 /* DirectoryViewController.swift in Sources */,
				DB1EC3671EE6E00100998032 /* AppDelegate.swift in Sources */,
				DBEC81A01F69DF2600F10CF8 /* CreateGroupViewController.swift in Sources */,
				DB0943F61EE6E4CC002426AB /* CustomObjects.swift in Sources */,
				DB1EC3951EE6E01600998032 /* FirebaseClient.swift in Sources */,
				DBFBC4531F6F3FF400503392 /* ManageAdministratorsViewController.swift in Sources */,
				DBEC819A1F68D31800F10CF8 /* LoginViewController.swift in Sources */,
				DBFBEE351F70687C003F2AC0 /* SearchGroupsViewController.swift in Sources */,
				DB0EEADF1EE77475002AB793 /* EntryViewController.swift in Sources */,
			);
			runOnlyForDeploymentPostprocessing = 0;
		};
		DB1EC3731EE6E00100998032 /* Sources */ = {
			isa = PBXSourcesBuildPhase;
			buildActionMask = 2147483647;
			files = (
				DB1EC37C1EE6E00100998032 /* ValleybrookCommunityChurchTests.swift in Sources */,
			);
			runOnlyForDeploymentPostprocessing = 0;
		};
		DB1EC37E1EE6E00100998032 /* Sources */ = {
			isa = PBXSourcesBuildPhase;
			buildActionMask = 2147483647;
			files = (
				DB1EC3871EE6E00100998032 /* ValleybrookCommunityChurchUITests.swift in Sources */,
			);
			runOnlyForDeploymentPostprocessing = 0;
		};
/* End PBXSourcesBuildPhase section */

/* Begin PBXTargetDependency section */
		DB1EC3791EE6E00100998032 /* PBXTargetDependency */ = {
			isa = PBXTargetDependency;
			target = DB1EC3621EE6E00100998032 /* ValleybrookCommunityChurch */;
			targetProxy = DB1EC3781EE6E00100998032 /* PBXContainerItemProxy */;
		};
		DB1EC3841EE6E00100998032 /* PBXTargetDependency */ = {
			isa = PBXTargetDependency;
			target = DB1EC3621EE6E00100998032 /* ValleybrookCommunityChurch */;
			targetProxy = DB1EC3831EE6E00100998032 /* PBXContainerItemProxy */;
		};
/* End PBXTargetDependency section */

/* Begin PBXVariantGroup section */
		DB1EC36A1EE6E00100998032 /* Main.storyboard */ = {
			isa = PBXVariantGroup;
			children = (
				DB1EC36B1EE6E00100998032 /* Base */,
			);
			name = Main.storyboard;
			sourceTree = "<group>";
		};
		DB1EC36F1EE6E00100998032 /* LaunchScreen.storyboard */ = {
			isa = PBXVariantGroup;
			children = (
				DB1EC3701EE6E00100998032 /* Base */,
			);
			name = LaunchScreen.storyboard;
			sourceTree = "<group>";
		};
/* End PBXVariantGroup section */

/* Begin XCBuildConfiguration section */
		DB1EC3891EE6E00100998032 /* Debug */ = {
			isa = XCBuildConfiguration;
			buildSettings = {
				ALWAYS_SEARCH_USER_PATHS = NO;
				CLANG_ANALYZER_NONNULL = YES;
				CLANG_ANALYZER_NUMBER_OBJECT_CONVERSION = YES_AGGRESSIVE;
				CLANG_CXX_LANGUAGE_STANDARD = "gnu++0x";
				CLANG_CXX_LIBRARY = "libc++";
				CLANG_ENABLE_MODULES = YES;
				CLANG_ENABLE_OBJC_ARC = YES;
				CLANG_WARN_BOOL_CONVERSION = YES;
				CLANG_WARN_CONSTANT_CONVERSION = YES;
				CLANG_WARN_DIRECT_OBJC_ISA_USAGE = YES_ERROR;
				CLANG_WARN_DOCUMENTATION_COMMENTS = YES;
				CLANG_WARN_EMPTY_BODY = YES;
				CLANG_WARN_ENUM_CONVERSION = YES;
				CLANG_WARN_INFINITE_RECURSION = YES;
				CLANG_WARN_INT_CONVERSION = YES;
				CLANG_WARN_OBJC_ROOT_CLASS = YES_ERROR;
				CLANG_WARN_SUSPICIOUS_MOVE = YES;
				CLANG_WARN_UNREACHABLE_CODE = YES;
				CLANG_WARN__DUPLICATE_METHOD_MATCH = YES;
				"CODE_SIGN_IDENTITY[sdk=iphoneos*]" = "iPhone Developer";
				COPY_PHASE_STRIP = NO;
				DEBUG_INFORMATION_FORMAT = dwarf;
				ENABLE_STRICT_OBJC_MSGSEND = YES;
				ENABLE_TESTABILITY = YES;
				GCC_C_LANGUAGE_STANDARD = gnu99;
				GCC_DYNAMIC_NO_PIC = NO;
				GCC_NO_COMMON_BLOCKS = YES;
				GCC_OPTIMIZATION_LEVEL = 0;
				GCC_PREPROCESSOR_DEFINITIONS = (
					"DEBUG=1",
					"$(inherited)",
				);
				GCC_WARN_64_TO_32_BIT_CONVERSION = YES;
				GCC_WARN_ABOUT_RETURN_TYPE = YES_ERROR;
				GCC_WARN_UNDECLARED_SELECTOR = YES;
				GCC_WARN_UNINITIALIZED_AUTOS = YES_AGGRESSIVE;
				GCC_WARN_UNUSED_FUNCTION = YES;
				GCC_WARN_UNUSED_VARIABLE = YES;
				IPHONEOS_DEPLOYMENT_TARGET = 10.3;
				MTL_ENABLE_DEBUG_INFO = YES;
				ONLY_ACTIVE_ARCH = YES;
				SDKROOT = iphoneos;
				SWIFT_ACTIVE_COMPILATION_CONDITIONS = DEBUG;
				SWIFT_OPTIMIZATION_LEVEL = "-Onone";
				TARGETED_DEVICE_FAMILY = "1,2";
			};
			name = Debug;
		};
		DB1EC38A1EE6E00100998032 /* Release */ = {
			isa = XCBuildConfiguration;
			buildSettings = {
				ALWAYS_SEARCH_USER_PATHS = NO;
				CLANG_ANALYZER_NONNULL = YES;
				CLANG_ANALYZER_NUMBER_OBJECT_CONVERSION = YES_AGGRESSIVE;
				CLANG_CXX_LANGUAGE_STANDARD = "gnu++0x";
				CLANG_CXX_LIBRARY = "libc++";
				CLANG_ENABLE_MODULES = YES;
				CLANG_ENABLE_OBJC_ARC = YES;
				CLANG_WARN_BOOL_CONVERSION = YES;
				CLANG_WARN_CONSTANT_CONVERSION = YES;
				CLANG_WARN_DIRECT_OBJC_ISA_USAGE = YES_ERROR;
				CLANG_WARN_DOCUMENTATION_COMMENTS = YES;
				CLANG_WARN_EMPTY_BODY = YES;
				CLANG_WARN_ENUM_CONVERSION = YES;
				CLANG_WARN_INFINITE_RECURSION = YES;
				CLANG_WARN_INT_CONVERSION = YES;
				CLANG_WARN_OBJC_ROOT_CLASS = YES_ERROR;
				CLANG_WARN_SUSPICIOUS_MOVE = YES;
				CLANG_WARN_UNREACHABLE_CODE = YES;
				CLANG_WARN__DUPLICATE_METHOD_MATCH = YES;
				"CODE_SIGN_IDENTITY[sdk=iphoneos*]" = "iPhone Developer";
				COPY_PHASE_STRIP = NO;
				DEBUG_INFORMATION_FORMAT = "dwarf-with-dsym";
				ENABLE_NS_ASSERTIONS = NO;
				ENABLE_STRICT_OBJC_MSGSEND = YES;
				GCC_C_LANGUAGE_STANDARD = gnu99;
				GCC_NO_COMMON_BLOCKS = YES;
				GCC_WARN_64_TO_32_BIT_CONVERSION = YES;
				GCC_WARN_ABOUT_RETURN_TYPE = YES_ERROR;
				GCC_WARN_UNDECLARED_SELECTOR = YES;
				GCC_WARN_UNINITIALIZED_AUTOS = YES_AGGRESSIVE;
				GCC_WARN_UNUSED_FUNCTION = YES;
				GCC_WARN_UNUSED_VARIABLE = YES;
				IPHONEOS_DEPLOYMENT_TARGET = 10.3;
				MTL_ENABLE_DEBUG_INFO = NO;
				SDKROOT = iphoneos;
				SWIFT_OPTIMIZATION_LEVEL = "-Owholemodule";
				TARGETED_DEVICE_FAMILY = "1,2";
				VALIDATE_PRODUCT = YES;
			};
			name = Release;
		};
		DB1EC38C1EE6E00100998032 /* Debug */ = {
			isa = XCBuildConfiguration;
			baseConfigurationReference = 67665914BB0678C272AE2435 /* Pods-ValleybrookCommunityChurch.debug.xcconfig */;
			buildSettings = {
				ASSETCATALOG_COMPILER_APPICON_NAME = AppIcon;
				DEVELOPMENT_TEAM = QA67695N79;
				INFOPLIST_FILE = ValleybrookCommunityChurch/Info.plist;
				LD_RUNPATH_SEARCH_PATHS = "$(inherited) @executable_path/Frameworks";
				PRODUCT_BUNDLE_IDENTIFIER = AJZ.ValleybrookCommunityChurch;
				PRODUCT_NAME = "$(TARGET_NAME)";
				SWIFT_VERSION = 3.0;
				TARGETED_DEVICE_FAMILY = 1;
			};
			name = Debug;
		};
		DB1EC38D1EE6E00100998032 /* Release */ = {
			isa = XCBuildConfiguration;
			baseConfigurationReference = DE29402686A967908E79B620 /* Pods-ValleybrookCommunityChurch.release.xcconfig */;
			buildSettings = {
				ASSETCATALOG_COMPILER_APPICON_NAME = AppIcon;
				DEVELOPMENT_TEAM = QA67695N79;
				INFOPLIST_FILE = ValleybrookCommunityChurch/Info.plist;
				LD_RUNPATH_SEARCH_PATHS = "$(inherited) @executable_path/Frameworks";
				PRODUCT_BUNDLE_IDENTIFIER = AJZ.ValleybrookCommunityChurch;
				PRODUCT_NAME = "$(TARGET_NAME)";
				SWIFT_VERSION = 3.0;
				TARGETED_DEVICE_FAMILY = 1;
			};
			name = Release;
		};
		DB1EC38F1EE6E00100998032 /* Debug */ = {
			isa = XCBuildConfiguration;
			baseConfigurationReference = A9EE65A251E2AB0CA82BB4C0 /* Pods-ValleybrookCommunityChurchTests.debug.xcconfig */;
			buildSettings = {
				ALWAYS_EMBED_SWIFT_STANDARD_LIBRARIES = YES;
				BUNDLE_LOADER = "$(TEST_HOST)";
				DEVELOPMENT_TEAM = QA67695N79;
				HEADER_SEARCH_PATHS = (
					"$(inherited)",
					"\"${PODS_ROOT}/Headers/Public\"",
					"\"${PODS_ROOT}/Headers/Public/Firebase\"",
					"\"${PODS_ROOT}/Headers/Public/FirebaseAnalytics\"",
					"\"${PODS_ROOT}/Headers/Public/FirebaseAuth\"",
					"\"${PODS_ROOT}/Headers/Public/FirebaseCore\"",
					"\"${PODS_ROOT}/Headers/Public/FirebaseDatabase\"",
					"\"${PODS_ROOT}/Headers/Public/FirebaseInstanceID\"",
					"\"${PODS_ROOT}/Headers/Public/FirebaseStorage\"",
					"\"${PODS_ROOT}/Headers/Public/Google-Mobile-Ads-SDK\"",
					"${PODS_ROOT}/Firebase/Core/Sources",
				);
				INFOPLIST_FILE = ValleybrookCommunityChurchTests/Info.plist;
				LD_RUNPATH_SEARCH_PATHS = "$(inherited) @executable_path/Frameworks @loader_path/Frameworks";
				PODS_ROOT = "${SRCROOT}/Pods${PODS_ROOT}/Firebase/Core/Sources";
				"PODS_ROOT[arch=*]" = "${SRCROOT}/Pods";
				PRODUCT_BUNDLE_IDENTIFIER = AJZ.ValleybrookCommunityChurchTests;
				PRODUCT_NAME = "$(TARGET_NAME)";
				SWIFT_VERSION = 3.0;
				TEST_HOST = "$(BUILT_PRODUCTS_DIR)/ValleybrookCommunityChurch.app/ValleybrookCommunityChurch";
			};
			name = Debug;
		};
		DB1EC3901EE6E00100998032 /* Release */ = {
			isa = XCBuildConfiguration;
			baseConfigurationReference = BB52B60C0597673E1628A2EC /* Pods-ValleybrookCommunityChurchTests.release.xcconfig */;
			buildSettings = {
				ALWAYS_EMBED_SWIFT_STANDARD_LIBRARIES = YES;
				BUNDLE_LOADER = "$(TEST_HOST)";
				DEVELOPMENT_TEAM = QA67695N79;
				HEADER_SEARCH_PATHS = (
					"$(inherited)",
					"\"${PODS_ROOT}/Headers/Public\"",
					"\"${PODS_ROOT}/Headers/Public/Firebase\"",
					"\"${PODS_ROOT}/Headers/Public/FirebaseAnalytics\"",
					"\"${PODS_ROOT}/Headers/Public/FirebaseAuth\"",
					"\"${PODS_ROOT}/Headers/Public/FirebaseCore\"",
					"\"${PODS_ROOT}/Headers/Public/FirebaseDatabase\"",
					"\"${PODS_ROOT}/Headers/Public/FirebaseInstanceID\"",
					"\"${PODS_ROOT}/Headers/Public/FirebaseStorage\"",
					"\"${PODS_ROOT}/Headers/Public/Google-Mobile-Ads-SDK\"",
					"${PODS_ROOT}/Firebase/Core/Sources",
				);
				INFOPLIST_FILE = ValleybrookCommunityChurchTests/Info.plist;
				LD_RUNPATH_SEARCH_PATHS = "$(inherited) @executable_path/Frameworks @loader_path/Frameworks";
				PRODUCT_BUNDLE_IDENTIFIER = AJZ.ValleybrookCommunityChurchTests;
				PRODUCT_NAME = "$(TARGET_NAME)";
				SWIFT_VERSION = 3.0;
				TEST_HOST = "$(BUILT_PRODUCTS_DIR)/ValleybrookCommunityChurch.app/ValleybrookCommunityChurch";
			};
			name = Release;
		};
		DB1EC3921EE6E00100998032 /* Debug */ = {
			isa = XCBuildConfiguration;
			baseConfigurationReference = 681B6B11248D0291085BD380 /* Pods-ValleybrookCommunityChurchUITests.debug.xcconfig */;
			buildSettings = {
				ALWAYS_EMBED_SWIFT_STANDARD_LIBRARIES = YES;
				DEVELOPMENT_TEAM = QA67695N79;
				INFOPLIST_FILE = ValleybrookCommunityChurchUITests/Info.plist;
				LD_RUNPATH_SEARCH_PATHS = "$(inherited) @executable_path/Frameworks @loader_path/Frameworks";
				PRODUCT_BUNDLE_IDENTIFIER = AJZ.ValleybrookCommunityChurchUITests;
				PRODUCT_NAME = "$(TARGET_NAME)";
				SWIFT_VERSION = 3.0;
				TEST_TARGET_NAME = ValleybrookCommunityChurch;
			};
			name = Debug;
		};
		DB1EC3931EE6E00100998032 /* Release */ = {
			isa = XCBuildConfiguration;
			baseConfigurationReference = 8E7C374F11FE03F5AEB89D9C /* Pods-ValleybrookCommunityChurchUITests.release.xcconfig */;
			buildSettings = {
				ALWAYS_EMBED_SWIFT_STANDARD_LIBRARIES = YES;
				DEVELOPMENT_TEAM = QA67695N79;
				INFOPLIST_FILE = ValleybrookCommunityChurchUITests/Info.plist;
				LD_RUNPATH_SEARCH_PATHS = "$(inherited) @executable_path/Frameworks @loader_path/Frameworks";
				PRODUCT_BUNDLE_IDENTIFIER = AJZ.ValleybrookCommunityChurchUITests;
				PRODUCT_NAME = "$(TARGET_NAME)";
				SWIFT_VERSION = 3.0;
				TEST_TARGET_NAME = ValleybrookCommunityChurch;
			};
			name = Release;
		};
/* End XCBuildConfiguration section */

/* Begin XCConfigurationList section */
		DB1EC35E1EE6E00100998032 /* Build configuration list for PBXProject "ValleybrookCommunityChurch" */ = {
			isa = XCConfigurationList;
			buildConfigurations = (
				DB1EC3891EE6E00100998032 /* Debug */,
				DB1EC38A1EE6E00100998032 /* Release */,
			);
			defaultConfigurationIsVisible = 0;
			defaultConfigurationName = Release;
		};
		DB1EC38B1EE6E00100998032 /* Build configuration list for PBXNativeTarget "ValleybrookCommunityChurch" */ = {
			isa = XCConfigurationList;
			buildConfigurations = (
				DB1EC38C1EE6E00100998032 /* Debug */,
				DB1EC38D1EE6E00100998032 /* Release */,
			);
			defaultConfigurationIsVisible = 0;
			defaultConfigurationName = Release;
		};
		DB1EC38E1EE6E00100998032 /* Build configuration list for PBXNativeTarget "ValleybrookCommunityChurchTests" */ = {
			isa = XCConfigurationList;
			buildConfigurations = (
				DB1EC38F1EE6E00100998032 /* Debug */,
				DB1EC3901EE6E00100998032 /* Release */,
			);
			defaultConfigurationIsVisible = 0;
			defaultConfigurationName = Release;
		};
		DB1EC3911EE6E00100998032 /* Build configuration list for PBXNativeTarget "ValleybrookCommunityChurchUITests" */ = {
			isa = XCConfigurationList;
			buildConfigurations = (
				DB1EC3921EE6E00100998032 /* Debug */,
				DB1EC3931EE6E00100998032 /* Release */,
			);
			defaultConfigurationIsVisible = 0;
			defaultConfigurationName = Release;
		};
/* End XCConfigurationList section */
	};
	rootObject = DB1EC35B1EE6E00100998032 /* Project object */;
}
